Microsoft Visual Studio Solution File, Format Version 12.00
# Visual Studio Version 17
VisualStudioVersion = 17.5.2.0
MinimumVisualStudioVersion = 10.0.40219.1
Project("{2150E333-8FDC-42A3-9474-1A3956D46DE8}") = "inventory-fullstack", "inventory-fullstack", "{C282E42C-CEB0-93F4-80F8-19158974C2A2}"
EndProject
Project("{2150E333-8FDC-42A3-9474-1A3956D46DE8}") = "backend", "backend", "{FD837658-5D1B-3B4F-9FB0-D7BD13B479F0}"
EndProject
Project("{FAE04EC0-301F-11D3-BF4B-00C04F79EFBC}") = "Inventory.Api", "inventory-fullstack\backend\Inventory.Api\Inventory.Api.csproj", "{CF21C1CA-3976-BBBC-4F5D-DD964EACFA8C}"
EndProject
Global
	GlobalSection(SolutionConfigurationPlatforms) = preSolution
		Debug|Any CPU = Debug|Any CPU
		Release|Any CPU = Release|Any CPU
	EndGlobalSection
	GlobalSection(ProjectConfigurationPlatforms) = postSolution
		{CF21C1CA-3976-BBBC-4F5D-DD964EACFA8C}.Debug|Any CPU.ActiveCfg = Debug|Any CPU
		{CF21C1CA-3976-BBBC-4F5D-DD964EACFA8C}.Debug|Any CPU.Build.0 = Debug|Any CPU
		{CF21C1CA-3976-BBBC-4F5D-DD964EACFA8C}.Release|Any CPU.ActiveCfg = Release|Any CPU
		{CF21C1CA-3976-BBBC-4F5D-DD964EACFA8C}.Release|Any CPU.Build.0 = Release|Any CPU
	EndGlobalSection
	GlobalSection(SolutionProperties) = preSolution
		HideSolutionNode = FALSE
	EndGlobalSection
	GlobalSection(NestedProjects) = preSolution
		{FD837658-5D1B-3B4F-9FB0-D7BD13B479F0} = {C282E42C-CEB0-93F4-80F8-19158974C2A2}
		{CF21C1CA-3976-BBBC-4F5D-DD964EACFA8C} = {FD837658-5D1B-3B4F-9FB0-D7BD13B479F0}
	EndGlobalSection
	GlobalSection(ExtensibilityGlobals) = postSolution
		SolutionGuid = {C9142CEF-FF7F-4EA1-8512-DF00FB22CAF8}
	EndGlobalSection
EndGlobal
